// !$*UTF8*$!
{
	archiveVersion = 1;
	classes = {
	};
	objectVersion = 46;
	objects = {

/* Begin PBXBuildFile section */
		841EADAB1DE45BE000045B47 /* AppDelegate.swift in Sources */ = {isa = PBXBuildFile; fileRef = 841EADAA1DE45BE000045B47 /* AppDelegate.swift */; };
		841EADAD1DE45BE000045B47 /* MainViewController.swift in Sources */ = {isa = PBXBuildFile; fileRef = 841EADAC1DE45BE000045B47 /* MainViewController.swift */; };
		841EADB01DE45BE000045B47 /* Main.storyboard in Resources */ = {isa = PBXBuildFile; fileRef = 841EADAE1DE45BE000045B47 /* Main.storyboard */; };
		841EADB21DE45BE000045B47 /* Assets.xcassets in Resources */ = {isa = PBXBuildFile; fileRef = 841EADB11DE45BE000045B47 /* Assets.xcassets */; };
		841EADB51DE45BE000045B47 /* LaunchScreen.storyboard in Resources */ = {isa = PBXBuildFile; fileRef = 841EADB31DE45BE000045B47 /* LaunchScreen.storyboard */; };
		8481ACAC1DE5D53C00CF059B /* GPSViewController.swift in Sources */ = {isa = PBXBuildFile; fileRef = 8481ACAA1DE5D53C00CF059B /* GPSViewController.swift */; };
		8481ACAD1DE5D53C00CF059B /* GPSViewController.xib in Resources */ = {isa = PBXBuildFile; fileRef = 8481ACAB1DE5D53C00CF059B /* GPSViewController.xib */; };
		849040541DE6EACF00F8F6C2 /* GyroskopViewController.swift in Sources */ = {isa = PBXBuildFile; fileRef = 849040521DE6EACF00F8F6C2 /* GyroskopViewController.swift */; };
		849040551DE6EACF00F8F6C2 /* GyroskopViewController.xib in Resources */ = {isa = PBXBuildFile; fileRef = 849040531DE6EACF00F8F6C2 /* GyroskopViewController.xib */; };
		849040581DE70DB100F8F6C2 /* AccelerometerViewController.swift in Sources */ = {isa = PBXBuildFile; fileRef = 849040561DE70DB100F8F6C2 /* AccelerometerViewController.swift */; };
		849040591DE70DB100F8F6C2 /* AccelerometerViewController.xib in Resources */ = {isa = PBXBuildFile; fileRef = 849040571DE70DB100F8F6C2 /* AccelerometerViewController.xib */; };
		8490405C1DE7120A00F8F6C2 /* MagnetometerViewController.swift in Sources */ = {isa = PBXBuildFile; fileRef = 8490405A1DE7120A00F8F6C2 /* MagnetometerViewController.swift */; };
		8490405D1DE7120A00F8F6C2 /* MagnetometerViewController.xib in Resources */ = {isa = PBXBuildFile; fileRef = 8490405B1DE7120A00F8F6C2 /* MagnetometerViewController.xib */; };
		849040601DE714E200F8F6C2 /* ProximityViewController.swift in Sources */ = {isa = PBXBuildFile; fileRef = 8490405E1DE714E200F8F6C2 /* ProximityViewController.swift */; };
		849040611DE714E200F8F6C2 /* ProximityViewController.xib in Resources */ = {isa = PBXBuildFile; fileRef = 8490405F1DE714E200F8F6C2 /* ProximityViewController.xib */; };
		849040681DE722CC00F8F6C2 /* AirMoistureViewController.swift in Sources */ = {isa = PBXBuildFile; fileRef = 849040661DE722CC00F8F6C2 /* AirMoistureViewController.swift */; };
		849040691DE722CC00F8F6C2 /* AirMoistureViewController.xib in Resources */ = {isa = PBXBuildFile; fileRef = 849040671DE722CC00F8F6C2 /* AirMoistureViewController.xib */; };
		8490406C1DE725AC00F8F6C2 /* AirPressureViewController.swift in Sources */ = {isa = PBXBuildFile; fileRef = 8490406A1DE725AC00F8F6C2 /* AirPressureViewController.swift */; };
		8490406D1DE725AC00F8F6C2 /* AirPressureViewController.xib in Resources */ = {isa = PBXBuildFile; fileRef = 8490406B1DE725AC00F8F6C2 /* AirPressureViewController.xib */; };
		849040701DE72F0900F8F6C2 /* LightViewController.swift in Sources */ = {isa = PBXBuildFile; fileRef = 8490406E1DE72F0900F8F6C2 /* LightViewController.swift */; };
		849040711DE72F0900F8F6C2 /* LightViewController.xib in Resources */ = {isa = PBXBuildFile; fileRef = 8490406F1DE72F0900F8F6C2 /* LightViewController.xib */; };
		84A5D5011DE49EB400E4A8D9 /* SensorButton.swift in Sources */ = {isa = PBXBuildFile; fileRef = 84A5D5001DE49EB400E4A8D9 /* SensorButton.swift */; };
/* End PBXBuildFile section */

/* Begin PBXFileReference section */
		841EADA71DE45BE000045B47 /* Senses2Go.app */ = {isa = PBXFileReference; explicitFileType = wrapper.application; includeInIndex = 0; path = Senses2Go.app; sourceTree = BUILT_PRODUCTS_DIR; };
		841EADAA1DE45BE000045B47 /* AppDelegate.swift */ = {isa = PBXFileReference; lastKnownFileType = sourcecode.swift; path = AppDelegate.swift; sourceTree = "<group>"; };
		841EADAC1DE45BE000045B47 /* MainViewController.swift */ = {isa = PBXFileReference; lastKnownFileType = sourcecode.swift; path = MainViewController.swift; sourceTree = "<group>"; };
		841EADAF1DE45BE000045B47 /* Base */ = {isa = PBXFileReference; lastKnownFileType = file.storyboard; name = Base; path = Base.lproj/Main.storyboard; sourceTree = "<group>"; };
		841EADB11DE45BE000045B47 /* Assets.xcassets */ = {isa = PBXFileReference; lastKnownFileType = folder.assetcatalog; path = Assets.xcassets; sourceTree = "<group>"; };
		841EADB41DE45BE000045B47 /* Base */ = {isa = PBXFileReference; lastKnownFileType = file.storyboard; name = Base; path = Base.lproj/LaunchScreen.storyboard; sourceTree = "<group>"; };
		841EADB61DE45BE000045B47 /* Info.plist */ = {isa = PBXFileReference; lastKnownFileType = text.plist.xml; path = Info.plist; sourceTree = "<group>"; };
		8481ACAA1DE5D53C00CF059B /* GPSViewController.swift */ = {isa = PBXFileReference; fileEncoding = 4; lastKnownFileType = sourcecode.swift; path = GPSViewController.swift; sourceTree = "<group>"; };
		8481ACAB1DE5D53C00CF059B /* GPSViewController.xib */ = {isa = PBXFileReference; fileEncoding = 4; lastKnownFileType = file.xib; path = GPSViewController.xib; sourceTree = "<group>"; };
		849040521DE6EACF00F8F6C2 /* GyroskopViewController.swift */ = {isa = PBXFileReference; fileEncoding = 4; lastKnownFileType = sourcecode.swift; path = GyroskopViewController.swift; sourceTree = "<group>"; };
		849040531DE6EACF00F8F6C2 /* GyroskopViewController.xib */ = {isa = PBXFileReference; fileEncoding = 4; lastKnownFileType = file.xib; path = GyroskopViewController.xib; sourceTree = "<group>"; };
		849040561DE70DB100F8F6C2 /* AccelerometerViewController.swift */ = {isa = PBXFileReference; fileEncoding = 4; lastKnownFileType = sourcecode.swift; path = AccelerometerViewController.swift; sourceTree = "<group>"; };
		849040571DE70DB100F8F6C2 /* AccelerometerViewController.xib */ = {isa = PBXFileReference; fileEncoding = 4; lastKnownFileType = file.xib; path = AccelerometerViewController.xib; sourceTree = "<group>"; };
		8490405A1DE7120A00F8F6C2 /* MagnetometerViewController.swift */ = {isa = PBXFileReference; fileEncoding = 4; lastKnownFileType = sourcecode.swift; path = MagnetometerViewController.swift; sourceTree = "<group>"; };
		8490405B1DE7120A00F8F6C2 /* MagnetometerViewController.xib */ = {isa = PBXFileReference; fileEncoding = 4; lastKnownFileType = file.xib; path = MagnetometerViewController.xib; sourceTree = "<group>"; };
		8490405E1DE714E200F8F6C2 /* ProximityViewController.swift */ = {isa = PBXFileReference; fileEncoding = 4; lastKnownFileType = sourcecode.swift; path = ProximityViewController.swift; sourceTree = "<group>"; };
		8490405F1DE714E200F8F6C2 /* ProximityViewController.xib */ = {isa = PBXFileReference; fileEncoding = 4; lastKnownFileType = file.xib; path = ProximityViewController.xib; sourceTree = "<group>"; };
		849040661DE722CC00F8F6C2 /* AirMoistureViewController.swift */ = {isa = PBXFileReference; fileEncoding = 4; lastKnownFileType = sourcecode.swift; path = AirMoistureViewController.swift; sourceTree = "<group>"; };
		849040671DE722CC00F8F6C2 /* AirMoistureViewController.xib */ = {isa = PBXFileReference; fileEncoding = 4; lastKnownFileType = file.xib; path = AirMoistureViewController.xib; sourceTree = "<group>"; };
		8490406A1DE725AC00F8F6C2 /* AirPressureViewController.swift */ = {isa = PBXFileReference; fileEncoding = 4; lastKnownFileType = sourcecode.swift; path = AirPressureViewController.swift; sourceTree = "<group>"; };
		8490406B1DE725AC00F8F6C2 /* AirPressureViewController.xib */ = {isa = PBXFileReference; fileEncoding = 4; lastKnownFileType = file.xib; path = AirPressureViewController.xib; sourceTree = "<group>"; };
		8490406E1DE72F0900F8F6C2 /* LightViewController.swift */ = {isa = PBXFileReference; fileEncoding = 4; lastKnownFileType = sourcecode.swift; path = LightViewController.swift; sourceTree = "<group>"; };
		8490406F1DE72F0900F8F6C2 /* LightViewController.xib */ = {isa = PBXFileReference; fileEncoding = 4; lastKnownFileType = file.xib; path = LightViewController.xib; sourceTree = "<group>"; };
		84A5D5001DE49EB400E4A8D9 /* SensorButton.swift */ = {isa = PBXFileReference; fileEncoding = 4; lastKnownFileType = sourcecode.swift; path = SensorButton.swift; sourceTree = "<group>"; };
/* End PBXFileReference section */

/* Begin PBXFrameworksBuildPhase section */
		841EADA41DE45BDF00045B47 /* Frameworks */ = {
			isa = PBXFrameworksBuildPhase;
			buildActionMask = 2147483647;
			files = (
			);
			runOnlyForDeploymentPostprocessing = 0;
		};
/* End PBXFrameworksBuildPhase section */

/* Begin PBXGroup section */
		841EAD9E1DE45BDF00045B47 = {
			isa = PBXGroup;
			children = (
				841EADA91DE45BE000045B47 /* Senses2Go */,
				841EADA81DE45BE000045B47 /* Products */,
			);
			sourceTree = "<group>";
		};
		841EADA81DE45BE000045B47 /* Products */ = {
			isa = PBXGroup;
			children = (
				841EADA71DE45BE000045B47 /* Senses2Go.app */,
			);
			name = Products;
			sourceTree = "<group>";
		};
		841EADA91DE45BE000045B47 /* Senses2Go */ = {
			isa = PBXGroup;
			children = (
				84A5D5021DE4AA5800E4A8D9 /* Main */,
				84A5D4FE1DE49DC300E4A8D9 /* Model */,
				841EADAE1DE45BE000045B47 /* Main.storyboard */,
				841EADAA1DE45BE000045B47 /* AppDelegate.swift */,
				841EADB11DE45BE000045B47 /* Assets.xcassets */,
				841EADB31DE45BE000045B47 /* LaunchScreen.storyboard */,
				841EADB61DE45BE000045B47 /* Info.plist */,
			);
			path = Senses2Go;
			sourceTree = "<group>";
		};
		8481ACA11DE5947500CF059B /* Views */ = {
			isa = PBXGroup;
			children = (
				8490406F1DE72F0900F8F6C2 /* LightViewController.xib */,
				8490406B1DE725AC00F8F6C2 /* AirPressureViewController.xib */,
				849040671DE722CC00F8F6C2 /* AirMoistureViewController.xib */,
				8490405B1DE7120A00F8F6C2 /* MagnetometerViewController.xib */,
				849040571DE70DB100F8F6C2 /* AccelerometerViewController.xib */,
				8481ACAB1DE5D53C00CF059B /* GPSViewController.xib */,
				849040531DE6EACF00F8F6C2 /* GyroskopViewController.xib */,
				8490405F1DE714E200F8F6C2 /* ProximityViewController.xib */,
			);
			name = Views;
			sourceTree = "<group>";
		};
		84A5D4FE1DE49DC300E4A8D9 /* Model */ = {
			isa = PBXGroup;
			children = (
				84A5D4FF1DE49DD500E4A8D9 /* Interface */,
			);
			name = Model;
			sourceTree = "<group>";
		};
		84A5D4FF1DE49DD500E4A8D9 /* Interface */ = {
			isa = PBXGroup;
			children = (
				84A5D5001DE49EB400E4A8D9 /* SensorButton.swift */,
			);
			name = Interface;
			sourceTree = "<group>";
		};
		84A5D5021DE4AA5800E4A8D9 /* Main */ = {
			isa = PBXGroup;
			children = (
				8481ACA11DE5947500CF059B /* Views */,
				84A5D5031DE4AA6C00E4A8D9 /* Src */,
			);
			name = Main;
			sourceTree = "<group>";
		};
		84A5D5031DE4AA6C00E4A8D9 /* Src */ = {
			isa = PBXGroup;
			children = (
				841EADAC1DE45BE000045B47 /* MainViewController.swift */,
				8481ACAA1DE5D53C00CF059B /* GPSViewController.swift */,
				849040521DE6EACF00F8F6C2 /* GyroskopViewController.swift */,
				849040561DE70DB100F8F6C2 /* AccelerometerViewController.swift */,
				8490405A1DE7120A00F8F6C2 /* MagnetometerViewController.swift */,
				8490405E1DE714E200F8F6C2 /* ProximityViewController.swift */,
				849040661DE722CC00F8F6C2 /* AirMoistureViewController.swift */,
				8490406A1DE725AC00F8F6C2 /* AirPressureViewController.swift */,
				8490406E1DE72F0900F8F6C2 /* LightViewController.swift */,
			);
			name = Src;
			sourceTree = "<group>";
		};
/* End PBXGroup section */

/* Begin PBXNativeTarget section */
		841EADA61DE45BDF00045B47 /* Senses2Go */ = {
			isa = PBXNativeTarget;
			buildConfigurationList = 841EADB91DE45BE000045B47 /* Build configuration list for PBXNativeTarget "Senses2Go" */;
			buildPhases = (
				841EADA31DE45BDF00045B47 /* Sources */,
				841EADA41DE45BDF00045B47 /* Frameworks */,
				841EADA51DE45BDF00045B47 /* Resources */,
			);
			buildRules = (
			);
			dependencies = (
			);
			name = Senses2Go;
			productName = Senses2Go;
			productReference = 841EADA71DE45BE000045B47 /* Senses2Go.app */;
			productType = "com.apple.product-type.application";
		};
/* End PBXNativeTarget section */

/* Begin PBXProject section */
		841EAD9F1DE45BDF00045B47 /* Project object */ = {
			isa = PBXProject;
			attributes = {
				LastSwiftUpdateCheck = 0810;
				LastUpgradeCheck = 0810;
				ORGANIZATIONNAME = "Tom Wieschalla";
				TargetAttributes = {
					841EADA61DE45BDF00045B47 = {
						CreatedOnToolsVersion = 8.1;
						DevelopmentTeam = HW9C536X3S;
						ProvisioningStyle = Automatic;
					};
				};
			};
			buildConfigurationList = 841EADA21DE45BDF00045B47 /* Build configuration list for PBXProject "Senses2Go" */;
			compatibilityVersion = "Xcode 3.2";
			developmentRegion = English;
			hasScannedForEncodings = 0;
			knownRegions = (
				en,
				Base,
			);
			mainGroup = 841EAD9E1DE45BDF00045B47;
			productRefGroup = 841EADA81DE45BE000045B47 /* Products */;
			projectDirPath = "";
			projectRoot = "";
			targets = (
				841EADA61DE45BDF00045B47 /* Senses2Go */,
			);
		};
/* End PBXProject section */

/* Begin PBXResourcesBuildPhase section */
		841EADA51DE45BDF00045B47 /* Resources */ = {
			isa = PBXResourcesBuildPhase;
			buildActionMask = 2147483647;
			files = (
				849040611DE714E200F8F6C2 /* ProximityViewController.xib in Resources */,
				841EADB51DE45BE000045B47 /* LaunchScreen.storyboard in Resources */,
				841EADB21DE45BE000045B47 /* Assets.xcassets in Resources */,
				841EADB01DE45BE000045B47 /* Main.storyboard in Resources */,
				849040691DE722CC00F8F6C2 /* AirMoistureViewController.xib in Resources */,
				849040711DE72F0900F8F6C2 /* LightViewController.xib in Resources */,
				849040551DE6EACF00F8F6C2 /* GyroskopViewController.xib in Resources */,
				8490406D1DE725AC00F8F6C2 /* AirPressureViewController.xib in Resources */,
				8490405D1DE7120A00F8F6C2 /* MagnetometerViewController.xib in Resources */,
				849040591DE70DB100F8F6C2 /* AccelerometerViewController.xib in Resources */,
				8481ACAD1DE5D53C00CF059B /* GPSViewController.xib in Resources */,
			);
			runOnlyForDeploymentPostprocessing = 0;
		};
/* End PBXResourcesBuildPhase section */

/* Begin PBXSourcesBuildPhase section */
		841EADA31DE45BDF00045B47 /* Sources */ = {
			isa = PBXSourcesBuildPhase;
			buildActionMask = 2147483647;
			files = (
				849040541DE6EACF00F8F6C2 /* GyroskopViewController.swift in Sources */,
				84A5D5011DE49EB400E4A8D9 /* SensorButton.swift in Sources */,
				849040581DE70DB100F8F6C2 /* AccelerometerViewController.swift in Sources */,
				8481ACAC1DE5D53C00CF059B /* GPSViewController.swift in Sources */,
				8490406C1DE725AC00F8F6C2 /* AirPressureViewController.swift in Sources */,
				849040601DE714E200F8F6C2 /* ProximityViewController.swift in Sources */,
				841EADAD1DE45BE000045B47 /* MainViewController.swift in Sources */,
				8490405C1DE7120A00F8F6C2 /* MagnetometerViewController.swift in Sources */,
				841EADAB1DE45BE000045B47 /* AppDelegate.swift in Sources */,
				849040701DE72F0900F8F6C2 /* LightViewController.swift in Sources */,
				849040681DE722CC00F8F6C2 /* AirMoistureViewController.swift in Sources */,
			);
			runOnlyForDeploymentPostprocessing = 0;
		};
/* End PBXSourcesBuildPhase section */

/* Begin PBXVariantGroup section */
		841EADAE1DE45BE000045B47 /* Main.storyboard */ = {
			isa = PBXVariantGroup;
			children = (
				841EADAF1DE45BE000045B47 /* Base */,
			);
			name = Main.storyboard;
			sourceTree = "<group>";
		};
		841EADB31DE45BE000045B47 /* LaunchScreen.storyboard */ = {
			isa = PBXVariantGroup;
			children = (
				841EADB41DE45BE000045B47 /* Base */,
			);
			name = LaunchScreen.storyboard;
			sourceTree = "<group>";
		};
/* End PBXVariantGroup section */

/* Begin XCBuildConfiguration section */
		841EADB71DE45BE000045B47 /* Debug */ = {
			isa = XCBuildConfiguration;
			buildSettings = {
				ALWAYS_SEARCH_USER_PATHS = NO;
				CLANG_ANALYZER_NONNULL = YES;
				CLANG_CXX_LANGUAGE_STANDARD = "gnu++0x";
				CLANG_CXX_LIBRARY = "libc++";
				CLANG_ENABLE_MODULES = YES;
				CLANG_ENABLE_OBJC_ARC = YES;
				CLANG_WARN_BOOL_CONVERSION = YES;
				CLANG_WARN_CONSTANT_CONVERSION = YES;
				CLANG_WARN_DIRECT_OBJC_ISA_USAGE = YES_ERROR;
				CLANG_WARN_DOCUMENTATION_COMMENTS = YES;
				CLANG_WARN_EMPTY_BODY = YES;
				CLANG_WARN_ENUM_CONVERSION = YES;
				CLANG_WARN_INFINITE_RECURSION = YES;
				CLANG_WARN_INT_CONVERSION = YES;
				CLANG_WARN_OBJC_ROOT_CLASS = YES_ERROR;
				CLANG_WARN_SUSPICIOUS_MOVES = YES;
				CLANG_WARN_UNREACHABLE_CODE = YES;
				CLANG_WARN__DUPLICATE_METHOD_MATCH = YES;
				"CODE_SIGN_IDENTITY[sdk=iphoneos*]" = "iPhone Developer";
				COPY_PHASE_STRIP = NO;
				DEBUG_INFORMATION_FORMAT = dwarf;
				ENABLE_STRICT_OBJC_MSGSEND = YES;
				ENABLE_TESTABILITY = YES;
				GCC_C_LANGUAGE_STANDARD = gnu99;
				GCC_DYNAMIC_NO_PIC = NO;
				GCC_NO_COMMON_BLOCKS = YES;
				GCC_OPTIMIZATION_LEVEL = 0;
				GCC_PREPROCESSOR_DEFINITIONS = (
					"DEBUG=1",
					"$(inherited)",
				);
				GCC_WARN_64_TO_32_BIT_CONVERSION = YES;
				GCC_WARN_ABOUT_RETURN_TYPE = YES_ERROR;
				GCC_WARN_UNDECLARED_SELECTOR = YES;
				GCC_WARN_UNINITIALIZED_AUTOS = YES_AGGRESSIVE;
				GCC_WARN_UNUSED_FUNCTION = YES;
				GCC_WARN_UNUSED_VARIABLE = YES;
				IPHONEOS_DEPLOYMENT_TARGET = 10.1;
				MTL_ENABLE_DEBUG_INFO = YES;
				ONLY_ACTIVE_ARCH = YES;
				SDKROOT = iphoneos;
				SWIFT_ACTIVE_COMPILATION_CONDITIONS = DEBUG;
				SWIFT_OPTIMIZATION_LEVEL = "-Onone";
			};
			name = Debug;
		};
		841EADB81DE45BE000045B47 /* Release */ = {
			isa = XCBuildConfiguration;
			buildSettings = {
				ALWAYS_SEARCH_USER_PATHS = NO;
				CLANG_ANALYZER_NONNULL = YES;
				CLANG_CXX_LANGUAGE_STANDARD = "gnu++0x";
				CLANG_CXX_LIBRARY = "libc++";
				CLANG_ENABLE_MODULES = YES;
				CLANG_ENABLE_OBJC_ARC = YES;
				CLANG_WARN_BOOL_CONVERSION = YES;
				CLANG_WARN_CONSTANT_CONVERSION = YES;
				CLANG_WARN_DIRECT_OBJC_ISA_USAGE = YES_ERROR;
				CLANG_WARN_DOCUMENTATION_COMMENTS = YES;
				CLANG_WARN_EMPTY_BODY = YES;
				CLANG_WARN_ENUM_CONVERSION = YES;
				CLANG_WARN_INFINITE_RECURSION = YES;
				CLANG_WARN_INT_CONVERSION = YES;
				CLANG_WARN_OBJC_ROOT_CLASS = YES_ERROR;
				CLANG_WARN_SUSPICIOUS_MOVES = YES;
				CLANG_WARN_UNREACHABLE_CODE = YES;
				CLANG_WARN__DUPLICATE_METHOD_MATCH = YES;
				"CODE_SIGN_IDENTITY[sdk=iphoneos*]" = "iPhone Developer";
				COPY_PHASE_STRIP = NO;
				DEBUG_INFORMATION_FORMAT = "dwarf-with-dsym";
				ENABLE_NS_ASSERTIONS = NO;
				ENABLE_STRICT_OBJC_MSGSEND = YES;
				GCC_C_LANGUAGE_STANDARD = gnu99;
				GCC_NO_COMMON_BLOCKS = YES;
				GCC_WARN_64_TO_32_BIT_CONVERSION = YES;
				GCC_WARN_ABOUT_RETURN_TYPE = YES_ERROR;
				GCC_WARN_UNDECLARED_SELECTOR = YES;
				GCC_WARN_UNINITIALIZED_AUTOS = YES_AGGRESSIVE;
				GCC_WARN_UNUSED_FUNCTION = YES;
				GCC_WARN_UNUSED_VARIABLE = YES;
				IPHONEOS_DEPLOYMENT_TARGET = 10.1;
				MTL_ENABLE_DEBUG_INFO = NO;
				SDKROOT = iphoneos;
				SWIFT_OPTIMIZATION_LEVEL = "-Owholemodule";
				VALIDATE_PRODUCT = YES;
			};
			name = Release;
		};
		841EADBA1DE45BE000045B47 /* Debug */ = {
			isa = XCBuildConfiguration;
			buildSettings = {
				ASSETCATALOG_COMPILER_APPICON_NAME = AppIcon;
				DEVELOPMENT_TEAM = HW9C536X3S;
				INFOPLIST_FILE = Senses2Go/Info.plist;
				LD_RUNPATH_SEARCH_PATHS = "$(inherited) @executable_path/Frameworks";
				PRODUCT_BUNDLE_IDENTIFIER = de.adesso.Senses2Go;
				PRODUCT_NAME = "$(TARGET_NAME)";
				SWIFT_VERSION = 3.0;
			};
			name = Debug;
		};
		841EADBB1DE45BE000045B47 /* Release */ = {
			isa = XCBuildConfiguration;
			buildSettings = {
				ASSETCATALOG_COMPILER_APPICON_NAME = AppIcon;
				DEVELOPMENT_TEAM = HW9C536X3S;
				INFOPLIST_FILE = Senses2Go/Info.plist;
				LD_RUNPATH_SEARCH_PATHS = "$(inherited) @executable_path/Frameworks";
				PRODUCT_BUNDLE_IDENTIFIER = de.adesso.Senses2Go;
				PRODUCT_NAME = "$(TARGET_NAME)";
				SWIFT_VERSION = 3.0;
			};
			name = Release;
		};
/* End XCBuildConfiguration section */

/* Begin XCConfigurationList section */
		841EADA21DE45BDF00045B47 /* Build configuration list for PBXProject "Senses2Go" */ = {
			isa = XCConfigurationList;
			buildConfigurations = (
				841EADB71DE45BE000045B47 /* Debug */,
				841EADB81DE45BE000045B47 /* Release */,
			);
			defaultConfigurationIsVisible = 0;
			defaultConfigurationName = Release;
		};
		841EADB91DE45BE000045B47 /* Build configuration list for PBXNativeTarget "Senses2Go" */ = {
			isa = XCConfigurationList;
			buildConfigurations = (
				841EADBA1DE45BE000045B47 /* Debug */,
				841EADBB1DE45BE000045B47 /* Release */,
			);
			defaultConfigurationIsVisible = 0;
			defaultConfigurationName = Release;
		};
/* End XCConfigurationList section */
	};
	rootObject = 841EAD9F1DE45BDF00045B47 /* Project object */;
}
